
Microsoft Visual Studio Solution File, Format Version 12.00
# Visual Studio Version 16
VisualStudioVersion = 16.0.29613.14
MinimumVisualStudioVersion = 10.0.40219.1
Project("{2150E333-8FDC-42A3-9474-1A3956D46DE8}") = "Core", "Core", "{5A305412-2FB6-4F66-AD1F-21020A5944A1}"
EndProject
Project("{2150E333-8FDC-42A3-9474-1A3956D46DE8}") = "Data", "Data", "{505F41C6-238E-45E5-9AAD-4CAD0151B046}"
EndProject
Project("{9A19103F-16F7-4668-BE54-9A1E7A4F7556}") = "NetBlade.Core.Security", "NetBlade.Core.Security\NetBlade.Core.Security.csproj", "{D3FF06B2-8033-4B3B-AEED-5C06DA7CFE51}"
EndProject
Project("{9A19103F-16F7-4668-BE54-9A1E7A4F7556}") = "NetBlade.Core.Exceptions", "NetBlade.Core.Exceptions\NetBlade.Core.Exceptions.csproj", "{4C7474C8-3A7C-4B3E-B220-B5F0E698CECE}"
EndProject
Project("{9A19103F-16F7-4668-BE54-9A1E7A4F7556}") = "NetBlade.Data.Dapper", "NetBlade.Data.Dapper\NetBlade.Data.Dapper.csproj", "{67F8E099-65E8-41F3-9665-B74989F034CC}"
EndProject
Project("{9A19103F-16F7-4668-BE54-9A1E7A4F7556}") = "NetBlade.Data.Storage", "NetBlade.Data.Storage\NetBlade.Data.Storage.csproj", "{DBC4B4BE-EEA8-47DF-A496-26C9DAA66268}"
EndProject
Project("{9A19103F-16F7-4668-BE54-9A1E7A4F7556}") = "NetBlade.Core.Commands", "NetBlade.Core.Commands\NetBlade.Core.Commands.csproj", "{2545F538-9983-42C5-85F0-4172402E04CD}"
EndProject
Project("{9A19103F-16F7-4668-BE54-9A1E7A4F7556}") = "NetBlade.Data", "NetBlade.Data\NetBlade.Data.csproj", "{EE794C2E-0448-40CE-A37D-D98C7643D516}"
EndProject
Project("{9A19103F-16F7-4668-BE54-9A1E7A4F7556}") = "NetBlade.Core", "NetBlade.Core\NetBlade.Core.csproj", "{333D207D-EB35-4872-9E76-8AD11C156D35}"
EndProject
Project("{9A19103F-16F7-4668-BE54-9A1E7A4F7556}") = "NetBlade.Data.ElasticSearch", "NetBlade.Data.ElasticSearch\NetBlade.Data.ElasticSearch.csproj", "{B6EAB4F8-D12C-4E77-87F3-F505CD37B4A5}"
EndProject
Project("{9A19103F-16F7-4668-BE54-9A1E7A4F7556}") = "NetBlade.Data.Pagination", "NetBlade.Data.Pagination\NetBlade.Data.Pagination.csproj", "{3C8D48CF-800E-428E-A5EB-1F0870E95984}"
EndProject
Project("{9A19103F-16F7-4668-BE54-9A1E7A4F7556}") = "NetBlade.Data.EF", "NetBlade.Data.EF\NetBlade.Data.EF.csproj", "{0FEAE899-7FBF-48E3-958F-5107B68C153D}"
EndProject
Project("{9A19103F-16F7-4668-BE54-9A1E7A4F7556}") = "NetBlade.Core.Domain", "NetBlade.Core.Domain\NetBlade.Core.Domain.csproj", "{3B55DFEA-F3F5-40C7-8267-20CE89CBF1B6}"
EndProject
Project("{9A19103F-16F7-4668-BE54-9A1E7A4F7556}") = "NetBlade.Core.Services", "NetBlade.Core.Services\NetBlade.Core.Services.csproj", "{96450C07-E9AD-4105-98DB-61229407EEF7}"
EndProject
Project("{9A19103F-16F7-4668-BE54-9A1E7A4F7556}") = "NetBlade.Core.Transaction", "NetBlade.Core.Transaction\NetBlade.Core.Transaction.csproj", "{AF2D4C93-9B9E-43A1-B10E-1EAF3CF4B154}"
EndProject
Project("{9A19103F-16F7-4668-BE54-9A1E7A4F7556}") = "NetBlade.Data.Log.Elasticsearch", "NetBlade.Data.Log.Elasticsearch\NetBlade.Data.Log.Elasticsearch.csproj", "{3951037F-D1BF-4B50-906C-D8112324D8CD}"
EndProject
Global
	GlobalSection(SolutionConfigurationPlatforms) = preSolution
		Debug|Any CPU = Debug|Any CPU
		Release|Any CPU = Release|Any CPU
	EndGlobalSection
	GlobalSection(ProjectConfigurationPlatforms) = postSolution
		{D3FF06B2-8033-4B3B-AEED-5C06DA7CFE51}.Debug|Any CPU.ActiveCfg = Debug|Any CPU
		{D3FF06B2-8033-4B3B-AEED-5C06DA7CFE51}.Debug|Any CPU.Build.0 = Debug|Any CPU
		{D3FF06B2-8033-4B3B-AEED-5C06DA7CFE51}.Release|Any CPU.ActiveCfg = Release|Any CPU
		{D3FF06B2-8033-4B3B-AEED-5C06DA7CFE51}.Release|Any CPU.Build.0 = Release|Any CPU
		{4C7474C8-3A7C-4B3E-B220-B5F0E698CECE}.Debug|Any CPU.ActiveCfg = Debug|Any CPU
		{4C7474C8-3A7C-4B3E-B220-B5F0E698CECE}.Debug|Any CPU.Build.0 = Debug|Any CPU
		{4C7474C8-3A7C-4B3E-B220-B5F0E698CECE}.Release|Any CPU.ActiveCfg = Release|Any CPU
		{4C7474C8-3A7C-4B3E-B220-B5F0E698CECE}.Release|Any CPU.Build.0 = Release|Any CPU
		{67F8E099-65E8-41F3-9665-B74989F034CC}.Debug|Any CPU.ActiveCfg = Debug|Any CPU
		{67F8E099-65E8-41F3-9665-B74989F034CC}.Debug|Any CPU.Build.0 = Debug|Any CPU
		{67F8E099-65E8-41F3-9665-B74989F034CC}.Release|Any CPU.ActiveCfg = Release|Any CPU
		{67F8E099-65E8-41F3-9665-B74989F034CC}.Release|Any CPU.Build.0 = Release|Any CPU
		{DBC4B4BE-EEA8-47DF-A496-26C9DAA66268}.Debug|Any CPU.ActiveCfg = Debug|Any CPU
		{DBC4B4BE-EEA8-47DF-A496-26C9DAA66268}.Debug|Any CPU.Build.0 = Debug|Any CPU
		{DBC4B4BE-EEA8-47DF-A496-26C9DAA66268}.Release|Any CPU.ActiveCfg = Release|Any CPU
		{DBC4B4BE-EEA8-47DF-A496-26C9DAA66268}.Release|Any CPU.Build.0 = Release|Any CPU
		{2545F538-9983-42C5-85F0-4172402E04CD}.Debug|Any CPU.ActiveCfg = Debug|Any CPU
		{2545F538-9983-42C5-85F0-4172402E04CD}.Debug|Any CPU.Build.0 = Debug|Any CPU
		{2545F538-9983-42C5-85F0-4172402E04CD}.Release|Any CPU.ActiveCfg = Release|Any CPU
		{2545F538-9983-42C5-85F0-4172402E04CD}.Release|Any CPU.Build.0 = Release|Any CPU
		{EE794C2E-0448-40CE-A37D-D98C7643D516}.Debug|Any CPU.ActiveCfg = Debug|Any CPU
		{EE794C2E-0448-40CE-A37D-D98C7643D516}.Debug|Any CPU.Build.0 = Debug|Any CPU
		{EE794C2E-0448-40CE-A37D-D98C7643D516}.Release|Any CPU.ActiveCfg = Release|Any CPU
		{EE794C2E-0448-40CE-A37D-D98C7643D516}.Release|Any CPU.Build.0 = Release|Any CPU
		{333D207D-EB35-4872-9E76-8AD11C156D35}.Debug|Any CPU.ActiveCfg = Debug|Any CPU
		{333D207D-EB35-4872-9E76-8AD11C156D35}.Debug|Any CPU.Build.0 = Debug|Any CPU
		{333D207D-EB35-4872-9E76-8AD11C156D35}.Release|Any CPU.ActiveCfg = Release|Any CPU
		{333D207D-EB35-4872-9E76-8AD11C156D35}.Release|Any CPU.Build.0 = Release|Any CPU
		{B6EAB4F8-D12C-4E77-87F3-F505CD37B4A5}.Debug|Any CPU.ActiveCfg = Debug|Any CPU
		{B6EAB4F8-D12C-4E77-87F3-F505CD37B4A5}.Debug|Any CPU.Build.0 = Debug|Any CPU
		{B6EAB4F8-D12C-4E77-87F3-F505CD37B4A5}.Release|Any CPU.ActiveCfg = Release|Any CPU
		{B6EAB4F8-D12C-4E77-87F3-F505CD37B4A5}.Release|Any CPU.Build.0 = Release|Any CPU
		{3C8D48CF-800E-428E-A5EB-1F0870E95984}.Debug|Any CPU.ActiveCfg = Debug|Any CPU
		{3C8D48CF-800E-428E-A5EB-1F0870E95984}.Debug|Any CPU.Build.0 = Debug|Any CPU
		{3C8D48CF-800E-428E-A5EB-1F0870E95984}.Release|Any CPU.ActiveCfg = Release|Any CPU
		{3C8D48CF-800E-428E-A5EB-1F0870E95984}.Release|Any CPU.Build.0 = Release|Any CPU
		{0FEAE899-7FBF-48E3-958F-5107B68C153D}.Debug|Any CPU.ActiveCfg = Debug|Any CPU
		{0FEAE899-7FBF-48E3-958F-5107B68C153D}.Debug|Any CPU.Build.0 = Debug|Any CPU
		{0FEAE899-7FBF-48E3-958F-5107B68C153D}.Release|Any CPU.ActiveCfg = Release|Any CPU
		{0FEAE899-7FBF-48E3-958F-5107B68C153D}.Release|Any CPU.Build.0 = Release|Any CPU
		{3B55DFEA-F3F5-40C7-8267-20CE89CBF1B6}.Debug|Any CPU.ActiveCfg = Debug|Any CPU
		{3B55DFEA-F3F5-40C7-8267-20CE89CBF1B6}.Debug|Any CPU.Build.0 = Debug|Any CPU
		{3B55DFEA-F3F5-40C7-8267-20CE89CBF1B6}.Release|Any CPU.ActiveCfg = Release|Any CPU
		{3B55DFEA-F3F5-40C7-8267-20CE89CBF1B6}.Release|Any CPU.Build.0 = Release|Any CPU
		{96450C07-E9AD-4105-98DB-61229407EEF7}.Debug|Any CPU.ActiveCfg = Debug|Any CPU
		{96450C07-E9AD-4105-98DB-61229407EEF7}.Debug|Any CPU.Build.0 = Debug|Any CPU
		{96450C07-E9AD-4105-98DB-61229407EEF7}.Release|Any CPU.ActiveCfg = Release|Any CPU
		{96450C07-E9AD-4105-98DB-61229407EEF7}.Release|Any CPU.Build.0 = Release|Any CPU
		{AF2D4C93-9B9E-43A1-B10E-1EAF3CF4B154}.Debug|Any CPU.ActiveCfg = Debug|Any CPU
		{AF2D4C93-9B9E-43A1-B10E-1EAF3CF4B154}.Debug|Any CPU.Build.0 = Debug|Any CPU
		{AF2D4C93-9B9E-43A1-B10E-1EAF3CF4B154}.Release|Any CPU.ActiveCfg = Release|Any CPU
		{AF2D4C93-9B9E-43A1-B10E-1EAF3CF4B154}.Release|Any CPU.Build.0 = Release|Any CPU
		{3951037F-D1BF-4B50-906C-D8112324D8CD}.Debug|Any CPU.ActiveCfg = Debug|Any CPU
		{3951037F-D1BF-4B50-906C-D8112324D8CD}.Debug|Any CPU.Build.0 = Debug|Any CPU
		{3951037F-D1BF-4B50-906C-D8112324D8CD}.Release|Any CPU.ActiveCfg = Release|Any CPU
		{3951037F-D1BF-4B50-906C-D8112324D8CD}.Release|Any CPU.Build.0 = Release|Any CPU
	EndGlobalSection
	GlobalSection(SolutionProperties) = preSolution
		HideSolutionNode = FALSE
	EndGlobalSection
	GlobalSection(NestedProjects) = preSolution
		{D3FF06B2-8033-4B3B-AEED-5C06DA7CFE51} = {5A305412-2FB6-4F66-AD1F-21020A5944A1}
		{4C7474C8-3A7C-4B3E-B220-B5F0E698CECE} = {5A305412-2FB6-4F66-AD1F-21020A5944A1}
		{67F8E099-65E8-41F3-9665-B74989F034CC} = {505F41C6-238E-45E5-9AAD-4CAD0151B046}
		{DBC4B4BE-EEA8-47DF-A496-26C9DAA66268} = {505F41C6-238E-45E5-9AAD-4CAD0151B046}
		{2545F538-9983-42C5-85F0-4172402E04CD} = {5A305412-2FB6-4F66-AD1F-21020A5944A1}
		{EE794C2E-0448-40CE-A37D-D98C7643D516} = {505F41C6-238E-45E5-9AAD-4CAD0151B046}
		{333D207D-EB35-4872-9E76-8AD11C156D35} = {5A305412-2FB6-4F66-AD1F-21020A5944A1}
		{B6EAB4F8-D12C-4E77-87F3-F505CD37B4A5} = {505F41C6-238E-45E5-9AAD-4CAD0151B046}
		{3C8D48CF-800E-428E-A5EB-1F0870E95984} = {505F41C6-238E-45E5-9AAD-4CAD0151B046}
		{0FEAE899-7FBF-48E3-958F-5107B68C153D} = {505F41C6-238E-45E5-9AAD-4CAD0151B046}
		{3B55DFEA-F3F5-40C7-8267-20CE89CBF1B6} = {5A305412-2FB6-4F66-AD1F-21020A5944A1}
		{96450C07-E9AD-4105-98DB-61229407EEF7} = {5A305412-2FB6-4F66-AD1F-21020A5944A1}
		{AF2D4C93-9B9E-43A1-B10E-1EAF3CF4B154} = {5A305412-2FB6-4F66-AD1F-21020A5944A1}
		{3951037F-D1BF-4B50-906C-D8112324D8CD} = {505F41C6-238E-45E5-9AAD-4CAD0151B046}
	EndGlobalSection
	GlobalSection(ExtensibilityGlobals) = postSolution
		SolutionGuid = {1A7B839B-3119-429D-9496-01EBFF558E5D}
	EndGlobalSection
EndGlobal
